
Microsoft Visual Studio Solution File, Format Version 12.00
# Visual Studio Version 17
VisualStudioVersion = 17.3.32901.215
MinimumVisualStudioVersion = 10.0.40219.1
Project("{9A19103F-16F7-4668-BE54-9A1E7A4F7556}") = "WPHW1", "WPHW1\WPHW1.csproj", "{A685BD2C-8972-4101-825C-4670F4C7E4E0}"
EndProject
Project("{FAE04EC0-301F-11D3-BF4B-00C04F79EFBC}") = "WPHW2", "WPHW2\WPHW2.csproj", "{B291F3CE-3F83-47B0-BCA6-267B6B94B93A}"
EndProject
Global
	GlobalSection(SolutionConfigurationPlatforms) = preSolution
		Debug|Any CPU = Debug|Any CPU
		Release|Any CPU = Release|Any CPU
	EndGlobalSection
	GlobalSection(ProjectConfigurationPlatforms) = postSolution
		{A685BD2C-8972-4101-825C-4670F4C7E4E0}.Debug|Any CPU.ActiveCfg = Debug|Any CPU
		{A685BD2C-8972-4101-825C-4670F4C7E4E0}.Debug|Any CPU.Build.0 = Debug|Any CPU
		{A685BD2C-8972-4101-825C-4670F4C7E4E0}.Release|Any CPU.ActiveCfg = Release|Any CPU
		{A685BD2C-8972-4101-825C-4670F4C7E4E0}.Release|Any CPU.Build.0 = Release|Any CPU
		{B291F3CE-3F83-47B0-BCA6-267B6B94B93A}.Debug|Any CPU.ActiveCfg = Debug|Any CPU
		{B291F3CE-3F83-47B0-BCA6-267B6B94B93A}.Debug|Any CPU.Build.0 = Debug|Any CPU
		{B291F3CE-3F83-47B0-BCA6-267B6B94B93A}.Release|Any CPU.ActiveCfg = Release|Any CPU
		{B291F3CE-3F83-47B0-BCA6-267B6B94B93A}.Release|Any CPU.Build.0 = Release|Any CPU
	EndGlobalSection
	GlobalSection(SolutionProperties) = preSolution
		HideSolutionNode = FALSE
	EndGlobalSection
	GlobalSection(ExtensibilityGlobals) = postSolution
		SolutionGuid = {E8F4D7CD-57C9-466D-A385-03C1A792BA38}
	EndGlobalSection
EndGlobal
