
Microsoft Visual Studio Solution File, Format Version 12.00
# Visual Studio Version 17
VisualStudioVersion = 17.3.32901.215
MinimumVisualStudioVersion = 10.0.40219.1
Project("{9A19103F-16F7-4668-BE54-9A1E7A4F7556}") = "WPHW1", "WPHW1\WPHW1.csproj", "{A685BD2C-8972-4101-825C-4670F4C7E4E0}"
EndProject
Project("{FAE04EC0-301F-11D3-BF4B-00C04F79EFBC}") = "WPHW3", "WPHW3\WPHW3.csproj", "{A8DFD499-62B7-4ADB-AF27-EE7A6413BF9D}"
EndProject
Project("{FAE04EC0-301F-11D3-BF4B-00C04F79EFBC}") = "Exam1", "Exam1\Exam1.csproj", "{86B9692A-31FB-428A-B263-AE68A91DD51E}"
EndProject
Project("{9A19103F-16F7-4668-BE54-9A1E7A4F7556}") = "WPHW5", "WPHW5\WPHW5.csproj", "{47880365-5410-4B10-BA86-CD22E183FBA3}"
EndProject
Project("{FAE04EC0-301F-11D3-BF4B-00C04F79EFBC}") = "Practice1", "Practice1\Practice1.csproj", "{8E56D5F1-E412-40B4-B109-CFE64F7E613A}"
EndProject
Global
	GlobalSection(SolutionConfigurationPlatforms) = preSolution
		Debug|Any CPU = Debug|Any CPU
		Release|Any CPU = Release|Any CPU
	EndGlobalSection
	GlobalSection(ProjectConfigurationPlatforms) = postSolution
		{A685BD2C-8972-4101-825C-4670F4C7E4E0}.Debug|Any CPU.ActiveCfg = Debug|Any CPU
		{A685BD2C-8972-4101-825C-4670F4C7E4E0}.Debug|Any CPU.Build.0 = Debug|Any CPU
		{A685BD2C-8972-4101-825C-4670F4C7E4E0}.Release|Any CPU.ActiveCfg = Release|Any CPU
		{A685BD2C-8972-4101-825C-4670F4C7E4E0}.Release|Any CPU.Build.0 = Release|Any CPU
		{A8DFD499-62B7-4ADB-AF27-EE7A6413BF9D}.Debug|Any CPU.ActiveCfg = Debug|Any CPU
		{A8DFD499-62B7-4ADB-AF27-EE7A6413BF9D}.Debug|Any CPU.Build.0 = Debug|Any CPU
		{A8DFD499-62B7-4ADB-AF27-EE7A6413BF9D}.Release|Any CPU.ActiveCfg = Release|Any CPU
		{A8DFD499-62B7-4ADB-AF27-EE7A6413BF9D}.Release|Any CPU.Build.0 = Release|Any CPU
		{86B9692A-31FB-428A-B263-AE68A91DD51E}.Debug|Any CPU.ActiveCfg = Debug|Any CPU
		{86B9692A-31FB-428A-B263-AE68A91DD51E}.Debug|Any CPU.Build.0 = Debug|Any CPU
		{86B9692A-31FB-428A-B263-AE68A91DD51E}.Release|Any CPU.ActiveCfg = Release|Any CPU
		{86B9692A-31FB-428A-B263-AE68A91DD51E}.Release|Any CPU.Build.0 = Release|Any CPU
		{47880365-5410-4B10-BA86-CD22E183FBA3}.Debug|Any CPU.ActiveCfg = Debug|Any CPU
		{47880365-5410-4B10-BA86-CD22E183FBA3}.Debug|Any CPU.Build.0 = Debug|Any CPU
		{47880365-5410-4B10-BA86-CD22E183FBA3}.Release|Any CPU.ActiveCfg = Release|Any CPU
		{47880365-5410-4B10-BA86-CD22E183FBA3}.Release|Any CPU.Build.0 = Release|Any CPU
		{8E56D5F1-E412-40B4-B109-CFE64F7E613A}.Debug|Any CPU.ActiveCfg = Debug|Any CPU
		{8E56D5F1-E412-40B4-B109-CFE64F7E613A}.Debug|Any CPU.Build.0 = Debug|Any CPU
		{8E56D5F1-E412-40B4-B109-CFE64F7E613A}.Release|Any CPU.ActiveCfg = Release|Any CPU
		{8E56D5F1-E412-40B4-B109-CFE64F7E613A}.Release|Any CPU.Build.0 = Release|Any CPU
	EndGlobalSection
	GlobalSection(SolutionProperties) = preSolution
		HideSolutionNode = FALSE
	EndGlobalSection
	GlobalSection(ExtensibilityGlobals) = postSolution
		SolutionGuid = {E8F4D7CD-57C9-466D-A385-03C1A792BA38}
	EndGlobalSection
EndGlobal
